// !$*UTF8*$!
{
	archiveVersion = 1;
	classes = {
	};
	objectVersion = 50;
	objects = {

/* Begin PBXBuildFile section */
		911299012371DA8A00B7237A /* AppDelegate.swift in Sources */ = {isa = PBXBuildFile; fileRef = 911299002371DA8A00B7237A /* AppDelegate.swift */; };
		911299032371DA8A00B7237A /* SceneDelegate.swift in Sources */ = {isa = PBXBuildFile; fileRef = 911299022371DA8A00B7237A /* SceneDelegate.swift */; };
		911299052371DA8A00B7237A /* ContentView.swift in Sources */ = {isa = PBXBuildFile; fileRef = 911299042371DA8A00B7237A /* ContentView.swift */; };
		911299072371DA8E00B7237A /* Assets.xcassets in Resources */ = {isa = PBXBuildFile; fileRef = 911299062371DA8E00B7237A /* Assets.xcassets */; };
		9112990A2371DA8E00B7237A /* Preview Assets.xcassets in Resources */ = {isa = PBXBuildFile; fileRef = 911299092371DA8E00B7237A /* Preview Assets.xcassets */; };
		9112990D2371DA8E00B7237A /* LaunchScreen.storyboard in Resources */ = {isa = PBXBuildFile; fileRef = 9112990B2371DA8E00B7237A /* LaunchScreen.storyboard */; };
		9135141023741004007AB1D3 /* UpdateList.swift in Sources */ = {isa = PBXBuildFile; fileRef = 9135140F23741004007AB1D3 /* UpdateList.swift */; };
		9135141223741808007AB1D3 /* UpdateDetail.swift in Sources */ = {isa = PBXBuildFile; fileRef = 9135141123741808007AB1D3 /* UpdateDetail.swift */; };
		9135141423741EF7007AB1D3 /* UpdateStore.swift in Sources */ = {isa = PBXBuildFile; fileRef = 9135141323741EF7007AB1D3 /* UpdateStore.swift */; };
		918709482372FCC4008DD2E4 /* HomeView.swift in Sources */ = {isa = PBXBuildFile; fileRef = 918709472372FCC4008DD2E4 /* HomeView.swift */; };
		9187094A2373474C008DD2E4 /* HomeList.swift in Sources */ = {isa = PBXBuildFile; fileRef = 918709492373474C008DD2E4 /* HomeList.swift */; };
		9187094C23735736008DD2E4 /* BlurView.swift in Sources */ = {isa = PBXBuildFile; fileRef = 9187094B23735736008DD2E4 /* BlurView.swift */; };
/* End PBXBuildFile section */

/* Begin PBXFileReference section */
		911298FD2371DA8A00B7237A /* SwiftUIApp.app */ = {isa = PBXFileReference; explicitFileType = wrapper.application; includeInIndex = 0; path = SwiftUIApp.app; sourceTree = BUILT_PRODUCTS_DIR; };
		911299002371DA8A00B7237A /* AppDelegate.swift */ = {isa = PBXFileReference; lastKnownFileType = sourcecode.swift; path = AppDelegate.swift; sourceTree = "<group>"; };
		911299022371DA8A00B7237A /* SceneDelegate.swift */ = {isa = PBXFileReference; lastKnownFileType = sourcecode.swift; path = SceneDelegate.swift; sourceTree = "<group>"; };
		911299042371DA8A00B7237A /* ContentView.swift */ = {isa = PBXFileReference; lastKnownFileType = sourcecode.swift; path = ContentView.swift; sourceTree = "<group>"; };
		911299062371DA8E00B7237A /* Assets.xcassets */ = {isa = PBXFileReference; lastKnownFileType = folder.assetcatalog; path = Assets.xcassets; sourceTree = "<group>"; };
		911299092371DA8E00B7237A /* Preview Assets.xcassets */ = {isa = PBXFileReference; lastKnownFileType = folder.assetcatalog; path = "Preview Assets.xcassets"; sourceTree = "<group>"; };
		9112990C2371DA8E00B7237A /* Base */ = {isa = PBXFileReference; lastKnownFileType = file.storyboard; name = Base; path = Base.lproj/LaunchScreen.storyboard; sourceTree = "<group>"; };
		9112990E2371DA8E00B7237A /* Info.plist */ = {isa = PBXFileReference; lastKnownFileType = text.plist.xml; path = Info.plist; sourceTree = "<group>"; };
		9135140F23741004007AB1D3 /* UpdateList.swift */ = {isa = PBXFileReference; lastKnownFileType = sourcecode.swift; path = UpdateList.swift; sourceTree = "<group>"; };
		9135141123741808007AB1D3 /* UpdateDetail.swift */ = {isa = PBXFileReference; lastKnownFileType = sourcecode.swift; path = UpdateDetail.swift; sourceTree = "<group>"; };
		9135141323741EF7007AB1D3 /* UpdateStore.swift */ = {isa = PBXFileReference; lastKnownFileType = sourcecode.swift; path = UpdateStore.swift; sourceTree = "<group>"; };
		918709472372FCC4008DD2E4 /* HomeView.swift */ = {isa = PBXFileReference; lastKnownFileType = sourcecode.swift; path = HomeView.swift; sourceTree = "<group>"; };
		918709492373474C008DD2E4 /* HomeList.swift */ = {isa = PBXFileReference; lastKnownFileType = sourcecode.swift; path = HomeList.swift; sourceTree = "<group>"; };
		9187094B23735736008DD2E4 /* BlurView.swift */ = {isa = PBXFileReference; lastKnownFileType = sourcecode.swift; path = BlurView.swift; sourceTree = "<group>"; };
/* End PBXFileReference section */

/* Begin PBXFrameworksBuildPhase section */
		911298FA2371DA8A00B7237A /* Frameworks */ = {
			isa = PBXFrameworksBuildPhase;
			buildActionMask = 2147483647;
			files = (
			);
			runOnlyForDeploymentPostprocessing = 0;
		};
/* End PBXFrameworksBuildPhase section */

/* Begin PBXGroup section */
		911298F42371DA8A00B7237A = {
			isa = PBXGroup;
			children = (
				911298FF2371DA8A00B7237A /* SwiftUIApp */,
				911298FE2371DA8A00B7237A /* Products */,
			);
			sourceTree = "<group>";
		};
		911298FE2371DA8A00B7237A /* Products */ = {
			isa = PBXGroup;
			children = (
				911298FD2371DA8A00B7237A /* SwiftUIApp.app */,
			);
			name = Products;
			sourceTree = "<group>";
		};
		911298FF2371DA8A00B7237A /* SwiftUIApp */ = {
			isa = PBXGroup;
			children = (
				911299002371DA8A00B7237A /* AppDelegate.swift */,
				911299022371DA8A00B7237A /* SceneDelegate.swift */,
				911299042371DA8A00B7237A /* ContentView.swift */,
				918709472372FCC4008DD2E4 /* HomeView.swift */,
				918709492373474C008DD2E4 /* HomeList.swift */,
				9135140F23741004007AB1D3 /* UpdateList.swift */,
				9135141123741808007AB1D3 /* UpdateDetail.swift */,
				9135141323741EF7007AB1D3 /* UpdateStore.swift */,
				9187094B23735736008DD2E4 /* BlurView.swift */,
				911299062371DA8E00B7237A /* Assets.xcassets */,
				9112990B2371DA8E00B7237A /* LaunchScreen.storyboard */,
				9112990E2371DA8E00B7237A /* Info.plist */,
				911299082371DA8E00B7237A /* Preview Content */,
			);
			path = SwiftUIApp;
			sourceTree = "<group>";
		};
		911299082371DA8E00B7237A /* Preview Content */ = {
			isa = PBXGroup;
			children = (
				911299092371DA8E00B7237A /* Preview Assets.xcassets */,
			);
			path = "Preview Content";
			sourceTree = "<group>";
		};
/* End PBXGroup section */

/* Begin PBXNativeTarget section */
		911298FC2371DA8A00B7237A /* SwiftUIApp */ = {
			isa = PBXNativeTarget;
			buildConfigurationList = 911299112371DA8E00B7237A /* Build configuration list for PBXNativeTarget "SwiftUIApp" */;
			buildPhases = (
				911298F92371DA8A00B7237A /* Sources */,
				911298FA2371DA8A00B7237A /* Frameworks */,
				911298FB2371DA8A00B7237A /* Resources */,
			);
			buildRules = (
			);
			dependencies = (
			);
			name = SwiftUIApp;
			productName = SwiftUIApp;
			productReference = 911298FD2371DA8A00B7237A /* SwiftUIApp.app */;
			productType = "com.apple.product-type.application";
		};
/* End PBXNativeTarget section */

/* Begin PBXProject section */
		911298F52371DA8A00B7237A /* Project object */ = {
			isa = PBXProject;
			attributes = {
				LastSwiftUpdateCheck = 1120;
				LastUpgradeCheck = 1120;
				ORGANIZATIONNAME = "Stanley Pan";
				TargetAttributes = {
					911298FC2371DA8A00B7237A = {
						CreatedOnToolsVersion = 11.2;
					};
				};
			};
			buildConfigurationList = 911298F82371DA8A00B7237A /* Build configuration list for PBXProject "SwiftUIApp" */;
			compatibilityVersion = "Xcode 9.3";
			developmentRegion = en;
			hasScannedForEncodings = 0;
			knownRegions = (
				en,
				Base,
			);
			mainGroup = 911298F42371DA8A00B7237A;
			productRefGroup = 911298FE2371DA8A00B7237A /* Products */;
			projectDirPath = "";
			projectRoot = "";
			targets = (
				911298FC2371DA8A00B7237A /* SwiftUIApp */,
			);
		};
/* End PBXProject section */

/* Begin PBXResourcesBuildPhase section */
		911298FB2371DA8A00B7237A /* Resources */ = {
			isa = PBXResourcesBuildPhase;
			buildActionMask = 2147483647;
			files = (
				9112990D2371DA8E00B7237A /* LaunchScreen.storyboard in Resources */,
				9112990A2371DA8E00B7237A /* Preview Assets.xcassets in Resources */,
				911299072371DA8E00B7237A /* Assets.xcassets in Resources */,
			);
			runOnlyForDeploymentPostprocessing = 0;
		};
/* End PBXResourcesBuildPhase section */

/* Begin PBXSourcesBuildPhase section */
		911298F92371DA8A00B7237A /* Sources */ = {
			isa = PBXSourcesBuildPhase;
			buildActionMask = 2147483647;
			files = (
				911299012371DA8A00B7237A /* AppDelegate.swift in Sources */,
				9135141423741EF7007AB1D3 /* UpdateStore.swift in Sources */,
				9135141023741004007AB1D3 /* UpdateList.swift in Sources */,
				9187094A2373474C008DD2E4 /* HomeList.swift in Sources */,
				9135141223741808007AB1D3 /* UpdateDetail.swift in Sources */,
				918709482372FCC4008DD2E4 /* HomeView.swift in Sources */,
				911299032371DA8A00B7237A /* SceneDelegate.swift in Sources */,
				911299052371DA8A00B7237A /* ContentView.swift in Sources */,
				9187094C23735736008DD2E4 /* BlurView.swift in Sources */,
			);
			runOnlyForDeploymentPostprocessing = 0;
		};
/* End PBXSourcesBuildPhase section */

/* Begin PBXVariantGroup section */
		9112990B2371DA8E00B7237A /* LaunchScreen.storyboard */ = {
			isa = PBXVariantGroup;
			children = (
				9112990C2371DA8E00B7237A /* Base */,
			);
			name = LaunchScreen.storyboard;
			sourceTree = "<group>";
		};
/* End PBXVariantGroup section */

/* Begin XCBuildConfiguration section */
		9112990F2371DA8E00B7237A /* Debug */ = {
			isa = XCBuildConfiguration;
			buildSettings = {
				ALWAYS_SEARCH_USER_PATHS = NO;
				CLANG_ANALYZER_NONNULL = YES;
				CLANG_ANALYZER_NUMBER_OBJECT_CONVERSION = YES_AGGRESSIVE;
				CLANG_CXX_LANGUAGE_STANDARD = "gnu++14";
				CLANG_CXX_LIBRARY = "libc++";
				CLANG_ENABLE_MODULES = YES;
				CLANG_ENABLE_OBJC_ARC = YES;
				CLANG_ENABLE_OBJC_WEAK = YES;
				CLANG_WARN_BLOCK_CAPTURE_AUTORELEASING = YES;
				CLANG_WARN_BOOL_CONVERSION = YES;
				CLANG_WARN_COMMA = YES;
				CLANG_WARN_CONSTANT_CONVERSION = YES;
				CLANG_WARN_DEPRECATED_OBJC_IMPLEMENTATIONS = YES;
				CLANG_WARN_DIRECT_OBJC_ISA_USAGE = YES_ERROR;
				CLANG_WARN_DOCUMENTATION_COMMENTS = YES;
				CLANG_WARN_EMPTY_BODY = YES;
				CLANG_WARN_ENUM_CONVERSION = YES;
				CLANG_WARN_INFINITE_RECURSION = YES;
				CLANG_WARN_INT_CONVERSION = YES;
				CLANG_WARN_NON_LITERAL_NULL_CONVERSION = YES;
				CLANG_WARN_OBJC_IMPLICIT_RETAIN_SELF = YES;
				CLANG_WARN_OBJC_LITERAL_CONVERSION = YES;
				CLANG_WARN_OBJC_ROOT_CLASS = YES_ERROR;
				CLANG_WARN_RANGE_LOOP_ANALYSIS = YES;
				CLANG_WARN_STRICT_PROTOTYPES = YES;
				CLANG_WARN_SUSPICIOUS_MOVE = YES;
				CLANG_WARN_UNGUARDED_AVAILABILITY = YES_AGGRESSIVE;
				CLANG_WARN_UNREACHABLE_CODE = YES;
				CLANG_WARN__DUPLICATE_METHOD_MATCH = YES;
				COPY_PHASE_STRIP = NO;
				DEBUG_INFORMATION_FORMAT = dwarf;
				ENABLE_STRICT_OBJC_MSGSEND = YES;
				ENABLE_TESTABILITY = YES;
				GCC_C_LANGUAGE_STANDARD = gnu11;
				GCC_DYNAMIC_NO_PIC = NO;
				GCC_NO_COMMON_BLOCKS = YES;
				GCC_OPTIMIZATION_LEVEL = 0;
				GCC_PREPROCESSOR_DEFINITIONS = (
					"DEBUG=1",
					"$(inherited)",
				);
				GCC_WARN_64_TO_32_BIT_CONVERSION = YES;
				GCC_WARN_ABOUT_RETURN_TYPE = YES_ERROR;
				GCC_WARN_UNDECLARED_SELECTOR = YES;
				GCC_WARN_UNINITIALIZED_AUTOS = YES_AGGRESSIVE;
				GCC_WARN_UNUSED_FUNCTION = YES;
				GCC_WARN_UNUSED_VARIABLE = YES;
				IPHONEOS_DEPLOYMENT_TARGET = 13.2;
				MTL_ENABLE_DEBUG_INFO = INCLUDE_SOURCE;
				MTL_FAST_MATH = YES;
				ONLY_ACTIVE_ARCH = YES;
				SDKROOT = iphoneos;
				SWIFT_ACTIVE_COMPILATION_CONDITIONS = DEBUG;
				SWIFT_OPTIMIZATION_LEVEL = "-Onone";
			};
			name = Debug;
		};
		911299102371DA8E00B7237A /* Release */ = {
			isa = XCBuildConfiguration;
			buildSettings = {
				ALWAYS_SEARCH_USER_PATHS = NO;
				CLANG_ANALYZER_NONNULL = YES;
				CLANG_ANALYZER_NUMBER_OBJECT_CONVERSION = YES_AGGRESSIVE;
				CLANG_CXX_LANGUAGE_STANDARD = "gnu++14";
				CLANG_CXX_LIBRARY = "libc++";
				CLANG_ENABLE_MODULES = YES;
				CLANG_ENABLE_OBJC_ARC = YES;
				CLANG_ENABLE_OBJC_WEAK = YES;
				CLANG_WARN_BLOCK_CAPTURE_AUTORELEASING = YES;
				CLANG_WARN_BOOL_CONVERSION = YES;
				CLANG_WARN_COMMA = YES;
				CLANG_WARN_CONSTANT_CONVERSION = YES;
				CLANG_WARN_DEPRECATED_OBJC_IMPLEMENTATIONS = YES;
				CLANG_WARN_DIRECT_OBJC_ISA_USAGE = YES_ERROR;
				CLANG_WARN_DOCUMENTATION_COMMENTS = YES;
				CLANG_WARN_EMPTY_BODY = YES;
				CLANG_WARN_ENUM_CONVERSION = YES;
				CLANG_WARN_INFINITE_RECURSION = YES;
				CLANG_WARN_INT_CONVERSION = YES;
				CLANG_WARN_NON_LITERAL_NULL_CONVERSION = YES;
				CLANG_WARN_OBJC_IMPLICIT_RETAIN_SELF = YES;
				CLANG_WARN_OBJC_LITERAL_CONVERSION = YES;
				CLANG_WARN_OBJC_ROOT_CLASS = YES_ERROR;
				CLANG_WARN_RANGE_LOOP_ANALYSIS = YES;
				CLANG_WARN_STRICT_PROTOTYPES = YES;
				CLANG_WARN_SUSPICIOUS_MOVE = YES;
				CLANG_WARN_UNGUARDED_AVAILABILITY = YES_AGGRESSIVE;
				CLANG_WARN_UNREACHABLE_CODE = YES;
				CLANG_WARN__DUPLICATE_METHOD_MATCH = YES;
				COPY_PHASE_STRIP = NO;
				DEBUG_INFORMATION_FORMAT = "dwarf-with-dsym";
				ENABLE_NS_ASSERTIONS = NO;
				ENABLE_STRICT_OBJC_MSGSEND = YES;
				GCC_C_LANGUAGE_STANDARD = gnu11;
				GCC_NO_COMMON_BLOCKS = YES;
				GCC_WARN_64_TO_32_BIT_CONVERSION = YES;
				GCC_WARN_ABOUT_RETURN_TYPE = YES_ERROR;
				GCC_WARN_UNDECLARED_SELECTOR = YES;
				GCC_WARN_UNINITIALIZED_AUTOS = YES_AGGRESSIVE;
				GCC_WARN_UNUSED_FUNCTION = YES;
				GCC_WARN_UNUSED_VARIABLE = YES;
				IPHONEOS_DEPLOYMENT_TARGET = 13.2;
				MTL_ENABLE_DEBUG_INFO = NO;
				MTL_FAST_MATH = YES;
				SDKROOT = iphoneos;
				SWIFT_COMPILATION_MODE = wholemodule;
				SWIFT_OPTIMIZATION_LEVEL = "-O";
				VALIDATE_PRODUCT = YES;
			};
			name = Release;
		};
		911299122371DA8E00B7237A /* Debug */ = {
			isa = XCBuildConfiguration;
			buildSettings = {
				ASSETCATALOG_COMPILER_APPICON_NAME = AppIcon;
				CODE_SIGN_STYLE = Automatic;
				DEVELOPMENT_ASSET_PATHS = "\"SwiftUIApp/Preview Content\"";
				DEVELOPMENT_TEAM = 8AG33EWU86;
				ENABLE_PREVIEWS = YES;
				INFOPLIST_FILE = SwiftUIApp/Info.plist;
				LD_RUNPATH_SEARCH_PATHS = (
					"$(inherited)",
					"@executable_path/Frameworks",
				);
				PRODUCT_BUNDLE_IDENTIFIER = com.imoment.SwiftUIApp;
				PRODUCT_NAME = "$(TARGET_NAME)";
				SWIFT_VERSION = 5.0;
				TARGETED_DEVICE_FAMILY = "1,2";
			};
			name = Debug;
		};
		911299132371DA8E00B7237A /* Release */ = {
			isa = XCBuildConfiguration;
			buildSettings = {
				ASSETCATALOG_COMPILER_APPICON_NAME = AppIcon;
				CODE_SIGN_STYLE = Automatic;
				DEVELOPMENT_ASSET_PATHS = "\"SwiftUIApp/Preview Content\"";
				DEVELOPMENT_TEAM = 8AG33EWU86;
				ENABLE_PREVIEWS = YES;
				INFOPLIST_FILE = SwiftUIApp/Info.plist;
				LD_RUNPATH_SEARCH_PATHS = (
					"$(inherited)",
					"@executable_path/Frameworks",
				);
				PRODUCT_BUNDLE_IDENTIFIER = com.imoment.SwiftUIApp;
				PRODUCT_NAME = "$(TARGET_NAME)";
				SWIFT_VERSION = 5.0;
				TARGETED_DEVICE_FAMILY = "1,2";
			};
			name = Release;
		};
/* End XCBuildConfiguration section */

/* Begin XCConfigurationList section */
		911298F82371DA8A00B7237A /* Build configuration list for PBXProject "SwiftUIApp" */ = {
			isa = XCConfigurationList;
			buildConfigurations = (
				9112990F2371DA8E00B7237A /* Debug */,
				911299102371DA8E00B7237A /* Release */,
			);
			defaultConfigurationIsVisible = 0;
			defaultConfigurationName = Release;
		};
		911299112371DA8E00B7237A /* Build configuration list for PBXNativeTarget "SwiftUIApp" */ = {
			isa = XCConfigurationList;
			buildConfigurations = (
				911299122371DA8E00B7237A /* Debug */,
				911299132371DA8E00B7237A /* Release */,
			);
			defaultConfigurationIsVisible = 0;
			defaultConfigurationName = Release;
		};
/* End XCConfigurationList section */
	};
	rootObject = 911298F52371DA8A00B7237A /* Project object */;
}
